uuid: 41d92ccb-b8ec-49bd-b857-b0eee08d1c84
langcode: fi
status: true
dependencies:
  config:
    - views.view.footer_content
  module:
    - views
  theme:
    - pori_events
id: views_block__footer_content_footer_content_block
theme: pori_events
region: footer
weight: 0
provider: null
plugin: 'views_block:footer_content-footer_content_block'
settings:
  id: 'views_block:footer_content-footer_content_block'
  label: ''
  provider: views
  label_display: '0'
  views_label: ''
  items_per_page: none
visibility: {  }
